
Microsoft Visual Studio Solution File, Format Version 12.00
Project("{FAE04EC0-301F-11D3-BF4B-00C04F79EFBC}") = "EventStore.Core", "EventStore.Core\EventStore.Core.csproj", "{2104E16D-4A79-40E5-B3E2-723921E338E8}"
EndProject
Project("{FAE04EC0-301F-11D3-BF4B-00C04F79EFBC}") = "EventStore.SampleApp.Azure", "EventStore.SampleApp.Azure\EventStore.SampleApp.Azure.csproj", "{E38E3940-724D-4908-B31D-2C1BA962AE62}"
EndProject
Project("{FAE04EC0-301F-11D3-BF4B-00C04F79EFBC}") = "EventStore.Azure", "EventStore.Azure\EventStore.Azure.csproj", "{B0819865-F2BA-407A-9BF5-45295D23E81F}"
EndProject
Project("{FAE04EC0-301F-11D3-BF4B-00C04F79EFBC}") = "EventStore.Core.Tests", "EventStore.Core.Tests\EventStore.Core.Tests.csproj", "{22357CC6-66E8-407B-B04B-1BED89082871}"
EndProject
Project("{FAE04EC0-301F-11D3-BF4B-00C04F79EFBC}") = "EventStore.Azure.Tests", "EventStore.Azure.Tests\EventStore.Azure.Tests.csproj", "{CBDCFA94-2D9C-4335-BC82-869CD3B526CC}"
EndProject
Project("{FAE04EC0-301F-11D3-BF4B-00C04F79EFBC}") = "EventStore.InMemory", "EventStore.InMemory\EventStore.InMemory.csproj", "{BE3F2899-A57C-4CDA-B4B8-B2DE6A5B727B}"
EndProject
Project("{2150E333-8FDC-42A3-9474-1A3956D46DE8}") = "Tests", "Tests", "{0C69FFC4-D249-46CC-8CFB-06246CBC2E82}"
EndProject
Project("{2150E333-8FDC-42A3-9474-1A3956D46DE8}") = "SampleApps", "SampleApps", "{7BB978C5-EFB1-42C3-9594-0F5019F05C22}"
EndProject
Project("{FAE04EC0-301F-11D3-BF4B-00C04F79EFBC}") = "EventStore.SampleApp.InMemory", "EventStore.SampleApp.InMemory\EventStore.SampleApp.InMemory.csproj", "{42B4E49D-2C66-4958-82FA-6193A53E5E83}"
EndProject
Project("{FAE04EC0-301F-11D3-BF4B-00C04F79EFBC}") = "EventStore.Testing", "EventStore.Testing\EventStore.Testing.csproj", "{3CCA0FD3-74E7-4E1F-B70C-15BABEB2823D}"
EndProject
Project("{FAE04EC0-301F-11D3-BF4B-00C04F79EFBC}") = "EventStore.EFCore.Postgres", "EventStore.EFCore.Postgres\EventStore.EFCore.Postgres.csproj", "{F67EA43E-9492-4282-AD6A-D1C221CBCE30}"
EndProject
Project("{FAE04EC0-301F-11D3-BF4B-00C04F79EFBC}") = "EventStore.SampleApp.EFCore.Postgres", "EventStore.SampleApp.EFCore.Postgres\EventStore.SampleApp.EFCore.Postgres.csproj", "{F90BD9DF-B1C4-4FF5-9B8B-51DE6C0C7FD2}"
EndProject
Project("{FAE04EC0-301F-11D3-BF4B-00C04F79EFBC}") = "EventStore.SampleApp.Domain", "EventStore.SampleApp.Domain\EventStore.SampleApp.Domain.csproj", "{B1D029B9-677D-4B75-AE59-E054AEE52E56}"
EndProject
Project("{FAE04EC0-301F-11D3-BF4B-00C04F79EFBC}") = "EventStore.EFCore.Postgres.Tests", "EventStore.EFCore.Postgres.Tests\EventStore.EFCore.Postgres.Tests.csproj", "{F9F49ED9-3E3B-42C6-91FA-E188D7C3D6E3}"
EndProject
Project("{FAE04EC0-301F-11D3-BF4B-00C04F79EFBC}") = "EventStore.Blazor.EFCore.Postgres", "EventStore.Blazor.EFCore.Postgres\EventStore.Blazor.EFCore.Postgres.csproj", "{91DE1690-DDFA-4FE6-8243-C3683DED05E0}"
EndProject
Project("{2150E333-8FDC-42A3-9474-1A3956D46DE8}") = "Solution Items", "Solution Items", "{7D1A96E5-F86C-483A-8947-E3C788B83637}"
	ProjectSection(SolutionItems) = preProject
		docker-compose.yaml = docker-compose.yaml
		..\Notes.md = ..\Notes.md
	EndProjectSection
EndProject
Global
	GlobalSection(SolutionConfigurationPlatforms) = preSolution
		Debug|Any CPU = Debug|Any CPU
		Release|Any CPU = Release|Any CPU
	EndGlobalSection
	GlobalSection(ProjectConfigurationPlatforms) = postSolution
		{2104E16D-4A79-40E5-B3E2-723921E338E8}.Debug|Any CPU.ActiveCfg = Debug|Any CPU
		{2104E16D-4A79-40E5-B3E2-723921E338E8}.Debug|Any CPU.Build.0 = Debug|Any CPU
		{2104E16D-4A79-40E5-B3E2-723921E338E8}.Release|Any CPU.ActiveCfg = Release|Any CPU
		{2104E16D-4A79-40E5-B3E2-723921E338E8}.Release|Any CPU.Build.0 = Release|Any CPU
		{E38E3940-724D-4908-B31D-2C1BA962AE62}.Debug|Any CPU.ActiveCfg = Debug|Any CPU
		{E38E3940-724D-4908-B31D-2C1BA962AE62}.Debug|Any CPU.Build.0 = Debug|Any CPU
		{E38E3940-724D-4908-B31D-2C1BA962AE62}.Release|Any CPU.ActiveCfg = Release|Any CPU
		{E38E3940-724D-4908-B31D-2C1BA962AE62}.Release|Any CPU.Build.0 = Release|Any CPU
		{B0819865-F2BA-407A-9BF5-45295D23E81F}.Debug|Any CPU.ActiveCfg = Debug|Any CPU
		{B0819865-F2BA-407A-9BF5-45295D23E81F}.Debug|Any CPU.Build.0 = Debug|Any CPU
		{B0819865-F2BA-407A-9BF5-45295D23E81F}.Release|Any CPU.ActiveCfg = Release|Any CPU
		{B0819865-F2BA-407A-9BF5-45295D23E81F}.Release|Any CPU.Build.0 = Release|Any CPU
		{22357CC6-66E8-407B-B04B-1BED89082871}.Debug|Any CPU.ActiveCfg = Debug|Any CPU
		{22357CC6-66E8-407B-B04B-1BED89082871}.Debug|Any CPU.Build.0 = Debug|Any CPU
		{22357CC6-66E8-407B-B04B-1BED89082871}.Release|Any CPU.ActiveCfg = Release|Any CPU
		{22357CC6-66E8-407B-B04B-1BED89082871}.Release|Any CPU.Build.0 = Release|Any CPU
		{CBDCFA94-2D9C-4335-BC82-869CD3B526CC}.Debug|Any CPU.ActiveCfg = Debug|Any CPU
		{CBDCFA94-2D9C-4335-BC82-869CD3B526CC}.Debug|Any CPU.Build.0 = Debug|Any CPU
		{CBDCFA94-2D9C-4335-BC82-869CD3B526CC}.Release|Any CPU.ActiveCfg = Release|Any CPU
		{CBDCFA94-2D9C-4335-BC82-869CD3B526CC}.Release|Any CPU.Build.0 = Release|Any CPU
		{BE3F2899-A57C-4CDA-B4B8-B2DE6A5B727B}.Debug|Any CPU.ActiveCfg = Debug|Any CPU
		{BE3F2899-A57C-4CDA-B4B8-B2DE6A5B727B}.Debug|Any CPU.Build.0 = Debug|Any CPU
		{BE3F2899-A57C-4CDA-B4B8-B2DE6A5B727B}.Release|Any CPU.ActiveCfg = Release|Any CPU
		{BE3F2899-A57C-4CDA-B4B8-B2DE6A5B727B}.Release|Any CPU.Build.0 = Release|Any CPU
		{42B4E49D-2C66-4958-82FA-6193A53E5E83}.Debug|Any CPU.ActiveCfg = Debug|Any CPU
		{42B4E49D-2C66-4958-82FA-6193A53E5E83}.Debug|Any CPU.Build.0 = Debug|Any CPU
		{42B4E49D-2C66-4958-82FA-6193A53E5E83}.Release|Any CPU.ActiveCfg = Release|Any CPU
		{42B4E49D-2C66-4958-82FA-6193A53E5E83}.Release|Any CPU.Build.0 = Release|Any CPU
		{3CCA0FD3-74E7-4E1F-B70C-15BABEB2823D}.Debug|Any CPU.ActiveCfg = Debug|Any CPU
		{3CCA0FD3-74E7-4E1F-B70C-15BABEB2823D}.Debug|Any CPU.Build.0 = Debug|Any CPU
		{3CCA0FD3-74E7-4E1F-B70C-15BABEB2823D}.Release|Any CPU.ActiveCfg = Release|Any CPU
		{3CCA0FD3-74E7-4E1F-B70C-15BABEB2823D}.Release|Any CPU.Build.0 = Release|Any CPU
		{F67EA43E-9492-4282-AD6A-D1C221CBCE30}.Debug|Any CPU.ActiveCfg = Debug|Any CPU
		{F67EA43E-9492-4282-AD6A-D1C221CBCE30}.Debug|Any CPU.Build.0 = Debug|Any CPU
		{F67EA43E-9492-4282-AD6A-D1C221CBCE30}.Release|Any CPU.ActiveCfg = Release|Any CPU
		{F67EA43E-9492-4282-AD6A-D1C221CBCE30}.Release|Any CPU.Build.0 = Release|Any CPU
		{F90BD9DF-B1C4-4FF5-9B8B-51DE6C0C7FD2}.Debug|Any CPU.ActiveCfg = Debug|Any CPU
		{F90BD9DF-B1C4-4FF5-9B8B-51DE6C0C7FD2}.Debug|Any CPU.Build.0 = Debug|Any CPU
		{F90BD9DF-B1C4-4FF5-9B8B-51DE6C0C7FD2}.Release|Any CPU.ActiveCfg = Release|Any CPU
		{F90BD9DF-B1C4-4FF5-9B8B-51DE6C0C7FD2}.Release|Any CPU.Build.0 = Release|Any CPU
		{B1D029B9-677D-4B75-AE59-E054AEE52E56}.Debug|Any CPU.ActiveCfg = Debug|Any CPU
		{B1D029B9-677D-4B75-AE59-E054AEE52E56}.Debug|Any CPU.Build.0 = Debug|Any CPU
		{B1D029B9-677D-4B75-AE59-E054AEE52E56}.Release|Any CPU.ActiveCfg = Release|Any CPU
		{B1D029B9-677D-4B75-AE59-E054AEE52E56}.Release|Any CPU.Build.0 = Release|Any CPU
		{F9F49ED9-3E3B-42C6-91FA-E188D7C3D6E3}.Debug|Any CPU.ActiveCfg = Debug|Any CPU
		{F9F49ED9-3E3B-42C6-91FA-E188D7C3D6E3}.Debug|Any CPU.Build.0 = Debug|Any CPU
		{F9F49ED9-3E3B-42C6-91FA-E188D7C3D6E3}.Release|Any CPU.ActiveCfg = Release|Any CPU
		{F9F49ED9-3E3B-42C6-91FA-E188D7C3D6E3}.Release|Any CPU.Build.0 = Release|Any CPU
		{91DE1690-DDFA-4FE6-8243-C3683DED05E0}.Debug|Any CPU.ActiveCfg = Debug|Any CPU
		{91DE1690-DDFA-4FE6-8243-C3683DED05E0}.Debug|Any CPU.Build.0 = Debug|Any CPU
		{91DE1690-DDFA-4FE6-8243-C3683DED05E0}.Release|Any CPU.ActiveCfg = Release|Any CPU
		{91DE1690-DDFA-4FE6-8243-C3683DED05E0}.Release|Any CPU.Build.0 = Release|Any CPU
	EndGlobalSection
	GlobalSection(NestedProjects) = preSolution
		{CBDCFA94-2D9C-4335-BC82-869CD3B526CC} = {0C69FFC4-D249-46CC-8CFB-06246CBC2E82}
		{22357CC6-66E8-407B-B04B-1BED89082871} = {0C69FFC4-D249-46CC-8CFB-06246CBC2E82}
		{E38E3940-724D-4908-B31D-2C1BA962AE62} = {7BB978C5-EFB1-42C3-9594-0F5019F05C22}
		{42B4E49D-2C66-4958-82FA-6193A53E5E83} = {7BB978C5-EFB1-42C3-9594-0F5019F05C22}
		{3CCA0FD3-74E7-4E1F-B70C-15BABEB2823D} = {0C69FFC4-D249-46CC-8CFB-06246CBC2E82}
		{F90BD9DF-B1C4-4FF5-9B8B-51DE6C0C7FD2} = {7BB978C5-EFB1-42C3-9594-0F5019F05C22}
		{B1D029B9-677D-4B75-AE59-E054AEE52E56} = {7BB978C5-EFB1-42C3-9594-0F5019F05C22}
		{F9F49ED9-3E3B-42C6-91FA-E188D7C3D6E3} = {0C69FFC4-D249-46CC-8CFB-06246CBC2E82}
		{91DE1690-DDFA-4FE6-8243-C3683DED05E0} = {7BB978C5-EFB1-42C3-9594-0F5019F05C22}
	EndGlobalSection
EndGlobal
